// !$*UTF8*$!
{
	archiveVersion = 1;
	classes = {
	};
	objectVersion = 55;
	objects = {

/* Begin PBXBuildFile section */
		707C5DBA28D368BC00F8CE4D /* ProductItem.swift in Sources */ = {isa = PBXBuildFile; fileRef = 707C5DB928D368BC00F8CE4D /* ProductItem.swift */; };
		707C5DBD28D3A22F00F8CE4D /* DetailsPage.swift in Sources */ = {isa = PBXBuildFile; fileRef = 707C5DBC28D3A22F00F8CE4D /* DetailsPage.swift */; };
		707C5DC028D3A7D900F8CE4D /* Category.swift in Sources */ = {isa = PBXBuildFile; fileRef = 707C5DBF28D3A7D900F8CE4D /* Category.swift */; };
		707C5DC228D3A7E600F8CE4D /* Product.swift in Sources */ = {isa = PBXBuildFile; fileRef = 707C5DC128D3A7E600F8CE4D /* Product.swift */; };
		707C5DC428D3AB0800F8CE4D /* MenuManager.swift in Sources */ = {isa = PBXBuildFile; fileRef = 707C5DC328D3AB0800F8CE4D /* MenuManager.swift */; };
		707C5DC628D3AB1800F8CE4D /* CartManager.swift in Sources */ = {isa = PBXBuildFile; fileRef = 707C5DC528D3AB1800F8CE4D /* CartManager.swift */; };
		70B711DF28CF92170018876D /* Offer.swift in Sources */ = {isa = PBXBuildFile; fileRef = 70B711DE28CF92170018876D /* Offer.swift */; };
		70B7122128D108D60018876D /* OffersPage.swift in Sources */ = {isa = PBXBuildFile; fileRef = 70B7122028D108D60018876D /* OffersPage.swift */; };
		70B7122528D244B00018876D /* MenuPage.swift in Sources */ = {isa = PBXBuildFile; fileRef = 70B7122428D244B00018876D /* MenuPage.swift */; };
		70B7122728D244BC0018876D /* OrdersPage.swift in Sources */ = {isa = PBXBuildFile; fileRef = 70B7122628D244BC0018876D /* OrdersPage.swift */; };
		70B7122928D244CA0018876D /* InfoPage.swift in Sources */ = {isa = PBXBuildFile; fileRef = 70B7122828D244CA0018876D /* InfoPage.swift */; };
		70B75BBB28CBB00C00D309EE /* CoffeeMastersApp.swift in Sources */ = {isa = PBXBuildFile; fileRef = 70B75BBA28CBB00C00D309EE /* CoffeeMastersApp.swift */; };
		70B75BBD28CBB00C00D309EE /* ContentView.swift in Sources */ = {isa = PBXBuildFile; fileRef = 70B75BBC28CBB00C00D309EE /* ContentView.swift */; };
		70B75BBF28CBB00E00D309EE /* Assets.xcassets in Resources */ = {isa = PBXBuildFile; fileRef = 70B75BBE28CBB00E00D309EE /* Assets.xcassets */; };
		70B75BC228CBB00E00D309EE /* Preview Assets.xcassets in Resources */ = {isa = PBXBuildFile; fileRef = 70B75BC128CBB00E00D309EE /* Preview Assets.xcassets */; };
		70BE496E28D508EF00F2A744 /* OrderItem.swift in Sources */ = {isa = PBXBuildFile; fileRef = 70BE496D28D508EF00F2A744 /* OrderItem.swift */; };
		70BE497128D5172C00F2A744 /* Alamofire in Frameworks */ = {isa = PBXBuildFile; productRef = 70BE497028D5172C00F2A744 /* Alamofire */; };
/* End PBXBuildFile section */

/* Begin PBXFileReference section */
		707C5DB928D368BC00F8CE4D /* ProductItem.swift */ = {isa = PBXFileReference; lastKnownFileType = sourcecode.swift; path = ProductItem.swift; sourceTree = "<group>"; };
		707C5DBC28D3A22F00F8CE4D /* DetailsPage.swift */ = {isa = PBXFileReference; lastKnownFileType = sourcecode.swift; path = DetailsPage.swift; sourceTree = "<group>"; };
		707C5DBF28D3A7D900F8CE4D /* Category.swift */ = {isa = PBXFileReference; lastKnownFileType = sourcecode.swift; path = Category.swift; sourceTree = "<group>"; };
		707C5DC128D3A7E600F8CE4D /* Product.swift */ = {isa = PBXFileReference; lastKnownFileType = sourcecode.swift; path = Product.swift; sourceTree = "<group>"; };
		707C5DC328D3AB0800F8CE4D /* MenuManager.swift */ = {isa = PBXFileReference; lastKnownFileType = sourcecode.swift; path = MenuManager.swift; sourceTree = "<group>"; };
		707C5DC528D3AB1800F8CE4D /* CartManager.swift */ = {isa = PBXFileReference; lastKnownFileType = sourcecode.swift; path = CartManager.swift; sourceTree = "<group>"; };
		70B711DE28CF92170018876D /* Offer.swift */ = {isa = PBXFileReference; lastKnownFileType = sourcecode.swift; path = Offer.swift; sourceTree = "<group>"; };
		70B7122028D108D60018876D /* OffersPage.swift */ = {isa = PBXFileReference; lastKnownFileType = sourcecode.swift; path = OffersPage.swift; sourceTree = "<group>"; };
		70B7122428D244B00018876D /* MenuPage.swift */ = {isa = PBXFileReference; lastKnownFileType = sourcecode.swift; path = MenuPage.swift; sourceTree = "<group>"; };
		70B7122628D244BC0018876D /* OrdersPage.swift */ = {isa = PBXFileReference; lastKnownFileType = sourcecode.swift; path = OrdersPage.swift; sourceTree = "<group>"; };
		70B7122828D244CA0018876D /* InfoPage.swift */ = {isa = PBXFileReference; lastKnownFileType = sourcecode.swift; path = InfoPage.swift; sourceTree = "<group>"; };
		70B75BB728CBB00C00D309EE /* CoffeeMasters.app */ = {isa = PBXFileReference; explicitFileType = wrapper.application; includeInIndex = 0; path = CoffeeMasters.app; sourceTree = BUILT_PRODUCTS_DIR; };
		70B75BBA28CBB00C00D309EE /* CoffeeMastersApp.swift */ = {isa = PBXFileReference; lastKnownFileType = sourcecode.swift; path = CoffeeMastersApp.swift; sourceTree = "<group>"; };
		70B75BBC28CBB00C00D309EE /* ContentView.swift */ = {isa = PBXFileReference; lastKnownFileType = sourcecode.swift; path = ContentView.swift; sourceTree = "<group>"; };
		70B75BBE28CBB00E00D309EE /* Assets.xcassets */ = {isa = PBXFileReference; lastKnownFileType = folder.assetcatalog; path = Assets.xcassets; sourceTree = "<group>"; };
		70B75BC128CBB00E00D309EE /* Preview Assets.xcassets */ = {isa = PBXFileReference; lastKnownFileType = folder.assetcatalog; path = "Preview Assets.xcassets"; sourceTree = "<group>"; };
		70BE496D28D508EF00F2A744 /* OrderItem.swift */ = {isa = PBXFileReference; lastKnownFileType = sourcecode.swift; path = OrderItem.swift; sourceTree = "<group>"; };
/* End PBXFileReference section */

/* Begin PBXFrameworksBuildPhase section */
		70B75BB428CBB00C00D309EE /* Frameworks */ = {
			isa = PBXFrameworksBuildPhase;
			buildActionMask = 2147483647;
			files = (
				70BE497128D5172C00F2A744 /* Alamofire in Frameworks */,
			);
			runOnlyForDeploymentPostprocessing = 0;
		};
/* End PBXFrameworksBuildPhase section */

/* Begin PBXGroup section */
		707C5DBE28D3A7BC00F8CE4D /* Model */ = {
			isa = PBXGroup;
			children = (
				707C5DBF28D3A7D900F8CE4D /* Category.swift */,
				707C5DC128D3A7E600F8CE4D /* Product.swift */,
				707C5DC328D3AB0800F8CE4D /* MenuManager.swift */,
				707C5DC528D3AB1800F8CE4D /* CartManager.swift */,
			);
			path = Model;
			sourceTree = "<group>";
		};
		70B7122228D143230018876D /* Views */ = {
			isa = PBXGroup;
			children = (
				70B711DE28CF92170018876D /* Offer.swift */,
				707C5DB928D368BC00F8CE4D /* ProductItem.swift */,
				70BE496D28D508EF00F2A744 /* OrderItem.swift */,
			);
			path = Views;
			sourceTree = "<group>";
		};
		70B7122328D244920018876D /* Page Views */ = {
			isa = PBXGroup;
			children = (
				70B7122428D244B00018876D /* MenuPage.swift */,
				707C5DBC28D3A22F00F8CE4D /* DetailsPage.swift */,
				70B7122628D244BC0018876D /* OrdersPage.swift */,
				70B7122828D244CA0018876D /* InfoPage.swift */,
				70B7122028D108D60018876D /* OffersPage.swift */,
			);
			path = "Page Views";
			sourceTree = "<group>";
		};
		70B75BAE28CBB00C00D309EE = {
			isa = PBXGroup;
			children = (
				70B75BB928CBB00C00D309EE /* CoffeeMasters */,
				70B75BB828CBB00C00D309EE /* Products */,
			);
			sourceTree = "<group>";
		};
		70B75BB828CBB00C00D309EE /* Products */ = {
			isa = PBXGroup;
			children = (
				70B75BB728CBB00C00D309EE /* CoffeeMasters.app */,
			);
			name = Products;
			sourceTree = "<group>";
		};
		70B75BB928CBB00C00D309EE /* CoffeeMasters */ = {
			isa = PBXGroup;
			children = (
				707C5DBE28D3A7BC00F8CE4D /* Model */,
				70B7122328D244920018876D /* Page Views */,
				70B7122228D143230018876D /* Views */,
				70B75BBA28CBB00C00D309EE /* CoffeeMastersApp.swift */,
				70B75BBC28CBB00C00D309EE /* ContentView.swift */,
				70B75BBE28CBB00E00D309EE /* Assets.xcassets */,
				70B75BC028CBB00E00D309EE /* Preview Content */,
			);
			path = CoffeeMasters;
			sourceTree = "<group>";
		};
		70B75BC028CBB00E00D309EE /* Preview Content */ = {
			isa = PBXGroup;
			children = (
				70B75BC128CBB00E00D309EE /* Preview Assets.xcassets */,
			);
			path = "Preview Content";
			sourceTree = "<group>";
		};
/* End PBXGroup section */

/* Begin PBXNativeTarget section */
		70B75BB628CBB00C00D309EE /* CoffeeMasters */ = {
			isa = PBXNativeTarget;
			buildConfigurationList = 70B75BC528CBB00E00D309EE /* Build configuration list for PBXNativeTarget "CoffeeMasters" */;
			buildPhases = (
				70B75BB328CBB00C00D309EE /* Sources */,
				70B75BB428CBB00C00D309EE /* Frameworks */,
				70B75BB528CBB00C00D309EE /* Resources */,
			);
			buildRules = (
			);
			dependencies = (
			);
			name = CoffeeMasters;
			packageProductDependencies = (
				70BE497028D5172C00F2A744 /* Alamofire */,
			);
			productName = CoffeeMasters;
			productReference = 70B75BB728CBB00C00D309EE /* CoffeeMasters.app */;
			productType = "com.apple.product-type.application";
		};
/* End PBXNativeTarget section */

/* Begin PBXProject section */
		70B75BAF28CBB00C00D309EE /* Project object */ = {
			isa = PBXProject;
			attributes = {
				BuildIndependentTargetsInParallel = 1;
				LastSwiftUpdateCheck = 1340;
				LastUpgradeCheck = 1340;
				TargetAttributes = {
					70B75BB628CBB00C00D309EE = {
						CreatedOnToolsVersion = 13.4.1;
					};
				};
			};
			buildConfigurationList = 70B75BB228CBB00C00D309EE /* Build configuration list for PBXProject "CoffeeMasters" */;
			compatibilityVersion = "Xcode 13.0";
			developmentRegion = en;
			hasScannedForEncodings = 0;
			knownRegions = (
				en,
				Base,
			);
			mainGroup = 70B75BAE28CBB00C00D309EE;
			packageReferences = (
				70BE496F28D5172C00F2A744 /* XCRemoteSwiftPackageReference "Alamofire" */,
			);
			productRefGroup = 70B75BB828CBB00C00D309EE /* Products */;
			projectDirPath = "";
			projectRoot = "";
			targets = (
				70B75BB628CBB00C00D309EE /* CoffeeMasters */,
			);
		};
/* End PBXProject section */

/* Begin PBXResourcesBuildPhase section */
		70B75BB528CBB00C00D309EE /* Resources */ = {
			isa = PBXResourcesBuildPhase;
			buildActionMask = 2147483647;
			files = (
				70B75BC228CBB00E00D309EE /* Preview Assets.xcassets in Resources */,
				70B75BBF28CBB00E00D309EE /* Assets.xcassets in Resources */,
			);
			runOnlyForDeploymentPostprocessing = 0;
		};
/* End PBXResourcesBuildPhase section */

/* Begin PBXSourcesBuildPhase section */
		70B75BB328CBB00C00D309EE /* Sources */ = {
			isa = PBXSourcesBuildPhase;
			buildActionMask = 2147483647;
			files = (
				707C5DC428D3AB0800F8CE4D /* MenuManager.swift in Sources */,
				707C5DC628D3AB1800F8CE4D /* CartManager.swift in Sources */,
				70B711DF28CF92170018876D /* Offer.swift in Sources */,
				707C5DC028D3A7D900F8CE4D /* Category.swift in Sources */,
				70B7122128D108D60018876D /* OffersPage.swift in Sources */,
				70B7122528D244B00018876D /* MenuPage.swift in Sources */,
				707C5DBD28D3A22F00F8CE4D /* DetailsPage.swift in Sources */,
				707C5DC228D3A7E600F8CE4D /* Product.swift in Sources */,
				70B7122928D244CA0018876D /* InfoPage.swift in Sources */,
				70BE496E28D508EF00F2A744 /* OrderItem.swift in Sources */,
				707C5DBA28D368BC00F8CE4D /* ProductItem.swift in Sources */,
				70B75BBD28CBB00C00D309EE /* ContentView.swift in Sources */,
				70B7122728D244BC0018876D /* OrdersPage.swift in Sources */,
				70B75BBB28CBB00C00D309EE /* CoffeeMastersApp.swift in Sources */,
			);
			runOnlyForDeploymentPostprocessing = 0;
		};
/* End PBXSourcesBuildPhase section */

/* Begin XCBuildConfiguration section */
		70B75BC328CBB00E00D309EE /* Debug */ = {
			isa = XCBuildConfiguration;
			buildSettings = {
				ALWAYS_SEARCH_USER_PATHS = NO;
				CLANG_ANALYZER_NONNULL = YES;
				CLANG_ANALYZER_NUMBER_OBJECT_CONVERSION = YES_AGGRESSIVE;
				CLANG_CXX_LANGUAGE_STANDARD = "gnu++17";
				CLANG_ENABLE_MODULES = YES;
				CLANG_ENABLE_OBJC_ARC = YES;
				CLANG_ENABLE_OBJC_WEAK = YES;
				CLANG_WARN_BLOCK_CAPTURE_AUTORELEASING = YES;
				CLANG_WARN_BOOL_CONVERSION = YES;
				CLANG_WARN_COMMA = YES;
				CLANG_WARN_CONSTANT_CONVERSION = YES;
				CLANG_WARN_DEPRECATED_OBJC_IMPLEMENTATIONS = YES;
				CLANG_WARN_DIRECT_OBJC_ISA_USAGE = YES_ERROR;
				CLANG_WARN_DOCUMENTATION_COMMENTS = YES;
				CLANG_WARN_EMPTY_BODY = YES;
				CLANG_WARN_ENUM_CONVERSION = YES;
				CLANG_WARN_INFINITE_RECURSION = YES;
				CLANG_WARN_INT_CONVERSION = YES;
				CLANG_WARN_NON_LITERAL_NULL_CONVERSION = YES;
				CLANG_WARN_OBJC_IMPLICIT_RETAIN_SELF = YES;
				CLANG_WARN_OBJC_LITERAL_CONVERSION = YES;
				CLANG_WARN_OBJC_ROOT_CLASS = YES_ERROR;
				CLANG_WARN_QUOTED_INCLUDE_IN_FRAMEWORK_HEADER = YES;
				CLANG_WARN_RANGE_LOOP_ANALYSIS = YES;
				CLANG_WARN_STRICT_PROTOTYPES = YES;
				CLANG_WARN_SUSPICIOUS_MOVE = YES;
				CLANG_WARN_UNGUARDED_AVAILABILITY = YES_AGGRESSIVE;
				CLANG_WARN_UNREACHABLE_CODE = YES;
				CLANG_WARN__DUPLICATE_METHOD_MATCH = YES;
				COPY_PHASE_STRIP = NO;
				DEBUG_INFORMATION_FORMAT = dwarf;
				ENABLE_STRICT_OBJC_MSGSEND = YES;
				ENABLE_TESTABILITY = YES;
				GCC_C_LANGUAGE_STANDARD = gnu11;
				GCC_DYNAMIC_NO_PIC = NO;
				GCC_NO_COMMON_BLOCKS = YES;
				GCC_OPTIMIZATION_LEVEL = 0;
				GCC_PREPROCESSOR_DEFINITIONS = (
					"DEBUG=1",
					"$(inherited)",
				);
				GCC_WARN_64_TO_32_BIT_CONVERSION = YES;
				GCC_WARN_ABOUT_RETURN_TYPE = YES_ERROR;
				GCC_WARN_UNDECLARED_SELECTOR = YES;
				GCC_WARN_UNINITIALIZED_AUTOS = YES_AGGRESSIVE;
				GCC_WARN_UNUSED_FUNCTION = YES;
				GCC_WARN_UNUSED_VARIABLE = YES;
				IPHONEOS_DEPLOYMENT_TARGET = 15.5;
				MTL_ENABLE_DEBUG_INFO = INCLUDE_SOURCE;
				MTL_FAST_MATH = YES;
				ONLY_ACTIVE_ARCH = YES;
				SDKROOT = iphoneos;
				SWIFT_ACTIVE_COMPILATION_CONDITIONS = DEBUG;
				SWIFT_OPTIMIZATION_LEVEL = "-Onone";
			};
			name = Debug;
		};
		70B75BC428CBB00E00D309EE /* Release */ = {
			isa = XCBuildConfiguration;
			buildSettings = {
				ALWAYS_SEARCH_USER_PATHS = NO;
				CLANG_ANALYZER_NONNULL = YES;
				CLANG_ANALYZER_NUMBER_OBJECT_CONVERSION = YES_AGGRESSIVE;
				CLANG_CXX_LANGUAGE_STANDARD = "gnu++17";
				CLANG_ENABLE_MODULES = YES;
				CLANG_ENABLE_OBJC_ARC = YES;
				CLANG_ENABLE_OBJC_WEAK = YES;
				CLANG_WARN_BLOCK_CAPTURE_AUTORELEASING = YES;
				CLANG_WARN_BOOL_CONVERSION = YES;
				CLANG_WARN_COMMA = YES;
				CLANG_WARN_CONSTANT_CONVERSION = YES;
				CLANG_WARN_DEPRECATED_OBJC_IMPLEMENTATIONS = YES;
				CLANG_WARN_DIRECT_OBJC_ISA_USAGE = YES_ERROR;
				CLANG_WARN_DOCUMENTATION_COMMENTS = YES;
				CLANG_WARN_EMPTY_BODY = YES;
				CLANG_WARN_ENUM_CONVERSION = YES;
				CLANG_WARN_INFINITE_RECURSION = YES;
				CLANG_WARN_INT_CONVERSION = YES;
				CLANG_WARN_NON_LITERAL_NULL_CONVERSION = YES;
				CLANG_WARN_OBJC_IMPLICIT_RETAIN_SELF = YES;
				CLANG_WARN_OBJC_LITERAL_CONVERSION = YES;
				CLANG_WARN_OBJC_ROOT_CLASS = YES_ERROR;
				CLANG_WARN_QUOTED_INCLUDE_IN_FRAMEWORK_HEADER = YES;
				CLANG_WARN_RANGE_LOOP_ANALYSIS = YES;
				CLANG_WARN_STRICT_PROTOTYPES = YES;
				CLANG_WARN_SUSPICIOUS_MOVE = YES;
				CLANG_WARN_UNGUARDED_AVAILABILITY = YES_AGGRESSIVE;
				CLANG_WARN_UNREACHABLE_CODE = YES;
				CLANG_WARN__DUPLICATE_METHOD_MATCH = YES;
				COPY_PHASE_STRIP = NO;
				DEBUG_INFORMATION_FORMAT = "dwarf-with-dsym";
				ENABLE_NS_ASSERTIONS = NO;
				ENABLE_STRICT_OBJC_MSGSEND = YES;
				GCC_C_LANGUAGE_STANDARD = gnu11;
				GCC_NO_COMMON_BLOCKS = YES;
				GCC_WARN_64_TO_32_BIT_CONVERSION = YES;
				GCC_WARN_ABOUT_RETURN_TYPE = YES_ERROR;
				GCC_WARN_UNDECLARED_SELECTOR = YES;
				GCC_WARN_UNINITIALIZED_AUTOS = YES_AGGRESSIVE;
				GCC_WARN_UNUSED_FUNCTION = YES;
				GCC_WARN_UNUSED_VARIABLE = YES;
				IPHONEOS_DEPLOYMENT_TARGET = 15.5;
				MTL_ENABLE_DEBUG_INFO = NO;
				MTL_FAST_MATH = YES;
				SDKROOT = iphoneos;
				SWIFT_COMPILATION_MODE = wholemodule;
				SWIFT_OPTIMIZATION_LEVEL = "-O";
				VALIDATE_PRODUCT = YES;
			};
			name = Release;
		};
		70B75BC628CBB00E00D309EE /* Debug */ = {
			isa = XCBuildConfiguration;
			buildSettings = {
				ASSETCATALOG_COMPILER_APPICON_NAME = AppIcon;
				ASSETCATALOG_COMPILER_GLOBAL_ACCENT_COLOR_NAME = AccentColor;
				CODE_SIGN_STYLE = Automatic;
				CURRENT_PROJECT_VERSION = 1;
				DEVELOPMENT_ASSET_PATHS = "\"CoffeeMasters/Preview Content\"";
				ENABLE_PREVIEWS = YES;
				GENERATE_INFOPLIST_FILE = YES;
				INFOPLIST_KEY_UIApplicationSceneManifest_Generation = YES;
				INFOPLIST_KEY_UIApplicationSupportsIndirectInputEvents = YES;
				INFOPLIST_KEY_UILaunchScreen_Generation = YES;
				INFOPLIST_KEY_UISupportedInterfaceOrientations_iPad = "UIInterfaceOrientationPortrait UIInterfaceOrientationPortraitUpsideDown UIInterfaceOrientationLandscapeLeft UIInterfaceOrientationLandscapeRight";
				INFOPLIST_KEY_UISupportedInterfaceOrientations_iPhone = "UIInterfaceOrientationPortrait UIInterfaceOrientationLandscapeLeft UIInterfaceOrientationLandscapeRight";
				LD_RUNPATH_SEARCH_PATHS = (
					"$(inherited)",
					"@executable_path/Frameworks",
				);
				MARKETING_VERSION = 1.0;
				PRODUCT_BUNDLE_IDENTIFIER = com.shunganas.CoffeeMasters;
				PRODUCT_NAME = "$(TARGET_NAME)";
				SWIFT_EMIT_LOC_STRINGS = YES;
				SWIFT_VERSION = 5.0;
				TARGETED_DEVICE_FAMILY = "1,2";
			};
			name = Debug;
		};
		70B75BC728CBB00E00D309EE /* Release */ = {
			isa = XCBuildConfiguration;
			buildSettings = {
				ASSETCATALOG_COMPILER_APPICON_NAME = AppIcon;
				ASSETCATALOG_COMPILER_GLOBAL_ACCENT_COLOR_NAME = AccentColor;
				CODE_SIGN_STYLE = Automatic;
				CURRENT_PROJECT_VERSION = 1;
				DEVELOPMENT_ASSET_PATHS = "\"CoffeeMasters/Preview Content\"";
				ENABLE_PREVIEWS = YES;
				GENERATE_INFOPLIST_FILE = YES;
				INFOPLIST_KEY_UIApplicationSceneManifest_Generation = YES;
				INFOPLIST_KEY_UIApplicationSupportsIndirectInputEvents = YES;
				INFOPLIST_KEY_UILaunchScreen_Generation = YES;
				INFOPLIST_KEY_UISupportedInterfaceOrientations_iPad = "UIInterfaceOrientationPortrait UIInterfaceOrientationPortraitUpsideDown UIInterfaceOrientationLandscapeLeft UIInterfaceOrientationLandscapeRight";
				INFOPLIST_KEY_UISupportedInterfaceOrientations_iPhone = "UIInterfaceOrientationPortrait UIInterfaceOrientationLandscapeLeft UIInterfaceOrientationLandscapeRight";
				LD_RUNPATH_SEARCH_PATHS = (
					"$(inherited)",
					"@executable_path/Frameworks",
				);
				MARKETING_VERSION = 1.0;
				PRODUCT_BUNDLE_IDENTIFIER = com.shunganas.CoffeeMasters;
				PRODUCT_NAME = "$(TARGET_NAME)";
				SWIFT_EMIT_LOC_STRINGS = YES;
				SWIFT_VERSION = 5.0;
				TARGETED_DEVICE_FAMILY = "1,2";
			};
			name = Release;
		};
/* End XCBuildConfiguration section */

/* Begin XCConfigurationList section */
		70B75BB228CBB00C00D309EE /* Build configuration list for PBXProject "CoffeeMasters" */ = {
			isa = XCConfigurationList;
			buildConfigurations = (
				70B75BC328CBB00E00D309EE /* Debug */,
				70B75BC428CBB00E00D309EE /* Release */,
			);
			defaultConfigurationIsVisible = 0;
			defaultConfigurationName = Release;
		};
		70B75BC528CBB00E00D309EE /* Build configuration list for PBXNativeTarget "CoffeeMasters" */ = {
			isa = XCConfigurationList;
			buildConfigurations = (
				70B75BC628CBB00E00D309EE /* Debug */,
				70B75BC728CBB00E00D309EE /* Release */,
			);
			defaultConfigurationIsVisible = 0;
			defaultConfigurationName = Release;
		};
/* End XCConfigurationList section */

/* Begin XCRemoteSwiftPackageReference section */
		70BE496F28D5172C00F2A744 /* XCRemoteSwiftPackageReference "Alamofire" */ = {
			isa = XCRemoteSwiftPackageReference;
			repositoryURL = "https://github.com/Alamofire/Alamofire.git";
			requirement = {
				kind = upToNextMajorVersion;
				minimumVersion = 5.0.0;
			};
		};
/* End XCRemoteSwiftPackageReference section */

/* Begin XCSwiftPackageProductDependency section */
		70BE497028D5172C00F2A744 /* Alamofire */ = {
			isa = XCSwiftPackageProductDependency;
			package = 70BE496F28D5172C00F2A744 /* XCRemoteSwiftPackageReference "Alamofire" */;
			productName = Alamofire;
		};
/* End XCSwiftPackageProductDependency section */
	};
	rootObject = 70B75BAF28CBB00C00D309EE /* Project object */;
}
